
Microsoft Visual Studio Solution File, Format Version 12.00
# Visual Studio Version 16
VisualStudioVersion = 16.0.31424.327
MinimumVisualStudioVersion = 10.0.40219.1
Project("{FAE04EC0-301F-11D3-BF4B-00C04F79EFBC}") = "GraphQLShopify", "GraphQLShopify\GraphQLShopify.csproj", "{1C7116C4-88B2-4C2C-94FE-8FF4BD8C6FF9}"
EndProject
Global
	GlobalSection(SolutionConfigurationPlatforms) = preSolution
		Debug|Any CPU = Debug|Any CPU
		Release|Any CPU = Release|Any CPU
	EndGlobalSection
	GlobalSection(ProjectConfigurationPlatforms) = postSolution
		{1C7116C4-88B2-4C2C-94FE-8FF4BD8C6FF9}.Debug|Any CPU.ActiveCfg = Debug|Any CPU
		{1C7116C4-88B2-4C2C-94FE-8FF4BD8C6FF9}.Debug|Any CPU.Build.0 = Debug|Any CPU
		{1C7116C4-88B2-4C2C-94FE-8FF4BD8C6FF9}.Release|Any CPU.ActiveCfg = Release|Any CPU
		{1C7116C4-88B2-4C2C-94FE-8FF4BD8C6FF9}.Release|Any CPU.Build.0 = Release|Any CPU
	EndGlobalSection
	GlobalSection(SolutionProperties) = preSolution
		HideSolutionNode = FALSE
	EndGlobalSection
	GlobalSection(ExtensibilityGlobals) = postSolution
		SolutionGuid = {35371C69-69FA-4436-95D1-CD854F26C12E}
	EndGlobalSection
EndGlobal
